
Microsoft Visual Studio Solution File, Format Version 12.00
# Visual Studio Version 17
VisualStudioVersion = 17.8.34322.80
MinimumVisualStudioVersion = 10.0.40219.1
Project("{FAE04EC0-301F-11D3-BF4B-00C04F79EFBC}") = "BudgetPlanner", "BudgetPlanner\BudgetPlanner.csproj", "{9BC58B17-F251-4F28-B92B-57DDB106D66E}"
EndProject
Project("{FAE04EC0-301F-11D3-BF4B-00C04F79EFBC}") = "BudgetPlanner.Application", "BudgetPlanner.Application\BudgetPlanner.Application.csproj", "{11C43072-19EB-4E15-AB9D-A8836135E0F2}"
EndProject
Project("{FAE04EC0-301F-11D3-BF4B-00C04F79EFBC}") = "BudgetPlanner.Domain", "BudgetPlanner.Domain\BudgetPlanner.Domain.csproj", "{2E3A7252-70F7-46B3-89C6-9DCD15F89718}"
EndProject
Project("{FAE04EC0-301F-11D3-BF4B-00C04F79EFBC}") = "BudgetPlanner.Infrastructure", "BudgetPlanner.Infrastructure\BudgetPlanner.Infrastructure.csproj", "{7FE36A6E-D3C8-420C-9F8A-14AC43CF16A9}"
EndProject
Global
	GlobalSection(SolutionConfigurationPlatforms) = preSolution
		Debug|Any CPU = Debug|Any CPU
		Release|Any CPU = Release|Any CPU
	EndGlobalSection
	GlobalSection(ProjectConfigurationPlatforms) = postSolution
		{9BC58B17-F251-4F28-B92B-57DDB106D66E}.Debug|Any CPU.ActiveCfg = Debug|Any CPU
		{9BC58B17-F251-4F28-B92B-57DDB106D66E}.Debug|Any CPU.Build.0 = Debug|Any CPU
		{9BC58B17-F251-4F28-B92B-57DDB106D66E}.Debug|Any CPU.Deploy.0 = Debug|Any CPU
		{9BC58B17-F251-4F28-B92B-57DDB106D66E}.Release|Any CPU.ActiveCfg = Release|Any CPU
		{9BC58B17-F251-4F28-B92B-57DDB106D66E}.Release|Any CPU.Build.0 = Release|Any CPU
		{9BC58B17-F251-4F28-B92B-57DDB106D66E}.Release|Any CPU.Deploy.0 = Release|Any CPU
		{11C43072-19EB-4E15-AB9D-A8836135E0F2}.Debug|Any CPU.ActiveCfg = Debug|Any CPU
		{11C43072-19EB-4E15-AB9D-A8836135E0F2}.Debug|Any CPU.Build.0 = Debug|Any CPU
		{11C43072-19EB-4E15-AB9D-A8836135E0F2}.Release|Any CPU.ActiveCfg = Release|Any CPU
		{11C43072-19EB-4E15-AB9D-A8836135E0F2}.Release|Any CPU.Build.0 = Release|Any CPU
		{2E3A7252-70F7-46B3-89C6-9DCD15F89718}.Debug|Any CPU.ActiveCfg = Debug|Any CPU
		{2E3A7252-70F7-46B3-89C6-9DCD15F89718}.Debug|Any CPU.Build.0 = Debug|Any CPU
		{2E3A7252-70F7-46B3-89C6-9DCD15F89718}.Release|Any CPU.ActiveCfg = Release|Any CPU
		{2E3A7252-70F7-46B3-89C6-9DCD15F89718}.Release|Any CPU.Build.0 = Release|Any CPU
		{7FE36A6E-D3C8-420C-9F8A-14AC43CF16A9}.Debug|Any CPU.ActiveCfg = Debug|Any CPU
		{7FE36A6E-D3C8-420C-9F8A-14AC43CF16A9}.Debug|Any CPU.Build.0 = Debug|Any CPU
		{7FE36A6E-D3C8-420C-9F8A-14AC43CF16A9}.Release|Any CPU.ActiveCfg = Release|Any CPU
		{7FE36A6E-D3C8-420C-9F8A-14AC43CF16A9}.Release|Any CPU.Build.0 = Release|Any CPU
	EndGlobalSection
	GlobalSection(SolutionProperties) = preSolution
		HideSolutionNode = FALSE
	EndGlobalSection
	GlobalSection(ExtensibilityGlobals) = postSolution
		SolutionGuid = {A50037D1-BF28-44D5-B1BB-0E5E8C05DA25}
	EndGlobalSection
EndGlobal
